{
  "object": {
    "pins": [
      {
        "package": "Ch3",
        "repositoryURL": "https://github.com/bdotdub/Ch3.git",
        "state": {
          "branch": "v4.2.1",
          "revision": "0000000000000000000000000000000000000000",
          "version": null
        }
      }
    ]
  },
  "version": 1
}
